lockfileVersion: '9.0'

settings:
  autoInstallPeers: true
  excludeLinksFromLockfile: false

importers:

  .:
    devDependencies:
      '@types/node':
        specifier: ^22.18.12
        version: 22.18.12
      turbo:
        specifier: ^2.5.8
        version: 2.5.8
      typescript:
        specifier: ^5.9
        version: 5.9.3

packages:

  '@types/node@22.18.12':
    resolution: {integrity: sha512-BICHQ67iqxQGFSzfCFTT7MRQ5XcBjG5aeKh5Ok38UBbPe5fxTyE+aHFxwVrGyr8GNlqFMLKD1D3P2K/1ks8tog==}

  turbo-darwin-64@2.5.8:
    resolution: {integrity: sha512-Dh5bCACiHO8rUXZLpKw+m3FiHtAp2CkanSyJre+SInEvEr5kIxjGvCK/8MFX8SFRjQuhjtvpIvYYZJB4AGCxNQ==}
    cpu: [x64]
    os: [darwin]

  turbo-darwin-arm64@2.5.8:
    resolution: {integrity: sha512-f1H/tQC9px7+hmXn6Kx/w8Jd/FneIUnvLlcI/7RGHunxfOkKJKvsoiNzySkoHQ8uq1pJnhJ0xNGTlYM48ZaJOQ==}
    cpu: [arm64]
    os: [darwin]

  turbo-linux-64@2.5.8:
    resolution: {integrity: sha512-hMyvc7w7yadBlZBGl/bnR6O+dJTx3XkTeyTTH4zEjERO6ChEs0SrN8jTFj1lueNXKIHh1SnALmy6VctKMGnWfw==}
    cpu: [x64]
    os: [linux]

  turbo-linux-arm64@2.5.8:
    resolution: {integrity: sha512-LQELGa7bAqV2f+3rTMRPnj5G/OHAe2U+0N9BwsZvfMvHSUbsQ3bBMWdSQaYNicok7wOZcHjz2TkESn1hYK6xIQ==}
    cpu: [arm64]
    os: [linux]

  turbo-windows-64@2.5.8:
    resolution: {integrity: sha512-3YdcaW34TrN1AWwqgYL9gUqmZsMT4T7g8Y5Azz+uwwEJW+4sgcJkIi9pYFyU4ZBSjBvkfuPZkGgfStir5BBDJQ==}
    cpu: [x64]
    os: [win32]

  turbo-windows-arm64@2.5.8:
    resolution: {integrity: sha512-eFC5XzLmgXJfnAK3UMTmVECCwuBcORrWdewoiXBnUm934DY6QN8YowC/srhNnROMpaKaqNeRpoB5FxCww3eteQ==}
    cpu: [arm64]
    os: [win32]

  turbo@2.5.8:
    resolution: {integrity: sha512-5c9Fdsr9qfpT3hA0EyYSFRZj1dVVsb6KIWubA9JBYZ/9ZEAijgUEae0BBR/Xl/wekt4w65/lYLTFaP3JmwSO8w==}
    hasBin: true

  typescript@5.9.3:
    resolution: {integrity: sha512-jl1vZzPDinLr9eUt3J/t7V6FgNEw9QjvBPdysz9KfQDD41fQrC2Y4vKQdiaUpFT4bXlb1RHhLpp8wtm6M5TgSw==}
    engines: {node: '>=14.17'}
    hasBin: true

  undici-types@6.21.0:
    resolution: {integrity: sha512-iwDZqg0QAGrg9Rav5H4n0M64c3mkR59cJ6wQp+7C4nI0gsmExaedaYLNO44eT4AtBBwjbTiGPMlt2Md0T9H9JQ==}

snapshots:

  '@types/node@22.18.12':
    dependencies:
      undici-types: 6.21.0

  turbo-darwin-64@2.5.8:
    optional: true

  turbo-darwin-arm64@2.5.8:
    optional: true

  turbo-linux-64@2.5.8:
    optional: true

  turbo-linux-arm64@2.5.8:
    optional: true

  turbo-windows-64@2.5.8:
    optional: true

  turbo-windows-arm64@2.5.8:
    optional: true

  turbo@2.5.8:
    optionalDependencies:
      turbo-darwin-64: 2.5.8
      turbo-darwin-arm64: 2.5.8
      turbo-linux-64: 2.5.8
      turbo-linux-arm64: 2.5.8
      turbo-windows-64: 2.5.8
      turbo-windows-arm64: 2.5.8

  typescript@5.9.3: {}

  undici-types@6.21.0: {}
